
Microsoft Visual Studio Solution File, Format Version 12.00
# Visual Studio Version 17
VisualStudioVersion = 17.14.36414.22 d17.14
MinimumVisualStudioVersion = 10.0.40219.1
Project("{FAE04EC0-301F-11D3-BF4B-00C04F79EFBC}") = "ApiGateway", "ApiGateway\ApiGateway.csproj", "{ABBE9054-50BF-49E9-A58D-8BEB3CCB00B4}"
EndProject
Project("{FAE04EC0-301F-11D3-BF4B-00C04F79EFBC}") = "ServiceA", "ServiceA\ServiceA.csproj", "{11EC7403-F8F3-4F8C-8AFD-19B35EA16FA4}"
EndProject
Project("{FAE04EC0-301F-11D3-BF4B-00C04F79EFBC}") = "ServiceB", "ServiceB\ServiceB.csproj", "{726DCBDA-3525-4DC6-9142-E848FCF31478}"
EndProject
Global
	GlobalSection(SolutionConfigurationPlatforms) = preSolution
		Debug|Any CPU = Debug|Any CPU
		Release|Any CPU = Release|Any CPU
	EndGlobalSection
	GlobalSection(ProjectConfigurationPlatforms) = postSolution
		{ABBE9054-50BF-49E9-A58D-8BEB3CCB00B4}.Debug|Any CPU.ActiveCfg = Debug|Any CPU
		{ABBE9054-50BF-49E9-A58D-8BEB3CCB00B4}.Debug|Any CPU.Build.0 = Debug|Any CPU
		{ABBE9054-50BF-49E9-A58D-8BEB3CCB00B4}.Release|Any CPU.ActiveCfg = Release|Any CPU
		{ABBE9054-50BF-49E9-A58D-8BEB3CCB00B4}.Release|Any CPU.Build.0 = Release|Any CPU
		{11EC7403-F8F3-4F8C-8AFD-19B35EA16FA4}.Debug|Any CPU.ActiveCfg = Debug|Any CPU
		{11EC7403-F8F3-4F8C-8AFD-19B35EA16FA4}.Debug|Any CPU.Build.0 = Debug|Any CPU
		{11EC7403-F8F3-4F8C-8AFD-19B35EA16FA4}.Release|Any CPU.ActiveCfg = Release|Any CPU
		{11EC7403-F8F3-4F8C-8AFD-19B35EA16FA4}.Release|Any CPU.Build.0 = Release|Any CPU
		{726DCBDA-3525-4DC6-9142-E848FCF31478}.Debug|Any CPU.ActiveCfg = Debug|Any CPU
		{726DCBDA-3525-4DC6-9142-E848FCF31478}.Debug|Any CPU.Build.0 = Debug|Any CPU
		{726DCBDA-3525-4DC6-9142-E848FCF31478}.Release|Any CPU.ActiveCfg = Release|Any CPU
		{726DCBDA-3525-4DC6-9142-E848FCF31478}.Release|Any CPU.Build.0 = Release|Any CPU
	EndGlobalSection
	GlobalSection(SolutionProperties) = preSolution
		HideSolutionNode = FALSE
	EndGlobalSection
	GlobalSection(ExtensibilityGlobals) = postSolution
		SolutionGuid = {96120EC7-3F1F-451F-9714-A024EB5B67F7}
	EndGlobalSection
EndGlobal
